{
  "name": "node_spn",
  "version": "1.0.0",
  "lockfileVersion": 3,
  "requires": true,
  "packages": {
    "": {
      "name": "node_spn",
      "version": "1.0.0",
      "license": "ISC",
      "dependencies": {
        "dataatual": "^1.0.0"
      }
    },
    "node_modules/dataatual": {
      "version": "1.0.0",
      "resolved": "https://registry.npmjs.org/dataatual/-/dataatual-1.0.0.tgz",
      "integrity": "sha512-oGtvkGfTsAcftPGUkRSbvX/O+3Usym0NTpHd0D9q5RNkEEQ4PdgjWDggq7hsgJxLPP3w0+HllInVXflVhJHv9A==",
      "license": "MIT"
    }
  }
}
